
Microsoft Visual Studio Solution File, Format Version 12.00
# Visual Studio Version 17
VisualStudioVersion = 17.0.31903.59
MinimumVisualStudioVersion = 10.0.40219.1
Project("{2150E333-8FDC-42A3-9474-1A3956D46DE8}") = "src", "src", "{827E0CD3-B72D-47B6-A68D-7590B98EB39B}"
EndProject
Project("{FAE04EC0-301F-11D3-BF4B-00C04F79EFBC}") = "MasterSplinter.Common", "src\MasterSplinter.Common\MasterSplinter.Common.csproj", "{F1CFCF29-FEB1-4FD8-AE85-7C2BA7FBFBE3}"
EndProject
Project("{FAE04EC0-301F-11D3-BF4B-00C04F79EFBC}") = "MasterSplinter.Client.Core", "src\MasterSplinter.Client.Core\MasterSplinter.Client.Core.csproj", "{A4510513-61FF-4FD8-A606-7A93A73EC031}"
EndProject
Project("{2150E333-8FDC-42A3-9474-1A3956D46DE8}") = "tests", "tests", "{0AB3BF05-4346-4AA6-1389-037BE0695223}"
EndProject
Project("{FAE04EC0-301F-11D3-BF4B-00C04F79EFBC}") = "MasterSplinter.Common.Tests", "tests\MasterSplinter.Common.Tests\MasterSplinter.Common.Tests.csproj", "{B495A6E6-A10A-421E-8EE0-54AB04A1E0C6}"
EndProject
Project("{FAE04EC0-301F-11D3-BF4B-00C04F79EFBC}") = "MasterSplinter.Client.Core.Tests", "tests\MasterSplinter.Client.Core.Tests\MasterSplinter.Client.Core.Tests.csproj", "{D51A1095-E5DB-4EBB-901B-45CEF9421F61}"
EndProject
Project("{FAE04EC0-301F-11D3-BF4B-00C04F79EFBC}") = "MasterSplinter.Server.Core", "src\MasterSplinter.Server.Core\MasterSplinter.Server.Core.csproj", "{C622E9DC-85AD-47A3-9DC8-BEFD89314FD0}"
EndProject
Project("{FAE04EC0-301F-11D3-BF4B-00C04F79EFBC}") = "MasterSplinter.Server.Core.Tests", "tests\MasterSplinter.Server.Core.Tests\MasterSplinter.Server.Core.Tests.csproj", "{54D7DE4E-C657-41A9-AE57-E2AD1D08EE18}"
EndProject
Project("{FAE04EC0-301F-11D3-BF4B-00C04F79EFBC}") = "MasterSplinter.Server.Host", "src\MasterSplinter.Server.Host\MasterSplinter.Server.Host.csproj", "{4D41C363-7DFE-4503-AC6F-F99F2725584F}"
EndProject
Project("{FAE04EC0-301F-11D3-BF4B-00C04F79EFBC}") = "MasterSplinter.Client.Host", "src\MasterSplinter.Client.Host\MasterSplinter.Client.Host.csproj", "{AB1053BA-48E0-40E3-AC0D-82A01EC260E7}"
EndProject
Project("{FAE04EC0-301F-11D3-BF4B-00C04F79EFBC}") = "MasterSplinter.Host.Tests", "tests\MasterSplinter.Host.Tests\MasterSplinter.Host.Tests.csproj", "{8F727271-724D-4190-B29D-11D7A64EF4C2}"
EndProject
Project("{FAE04EC0-301F-11D3-BF4B-00C04F79EFBC}") = "MasterSplinter.Cli", "src\MasterSplinter.Cli\MasterSplinter.Cli.csproj", "{47C83270-6FDC-4D07-A72D-FAF5EE59AD91}"
EndProject
Project("{FAE04EC0-301F-11D3-BF4B-00C04F79EFBC}") = "MasterSplinter.Cli.Tests", "tests\MasterSplinter.Cli.Tests\MasterSplinter.Cli.Tests.csproj", "{DBF4D741-1A85-4DF6-9323-DC7BF7F4C6EE}"
EndProject
Global
	GlobalSection(SolutionConfigurationPlatforms) = preSolution
		Debug|Any CPU = Debug|Any CPU
		Debug|x64 = Debug|x64
		Debug|x86 = Debug|x86
		Release|Any CPU = Release|Any CPU
		Release|x64 = Release|x64
		Release|x86 = Release|x86
	EndGlobalSection
	GlobalSection(ProjectConfigurationPlatforms) = postSolution
		{F1CFCF29-FEB1-4FD8-AE85-7C2BA7FBFBE3}.Debug|Any CPU.ActiveCfg = Debug|Any CPU
		{F1CFCF29-FEB1-4FD8-AE85-7C2BA7FBFBE3}.Debug|Any CPU.Build.0 = Debug|Any CPU
		{F1CFCF29-FEB1-4FD8-AE85-7C2BA7FBFBE3}.Debug|x64.ActiveCfg = Debug|Any CPU
		{F1CFCF29-FEB1-4FD8-AE85-7C2BA7FBFBE3}.Debug|x64.Build.0 = Debug|Any CPU
		{F1CFCF29-FEB1-4FD8-AE85-7C2BA7FBFBE3}.Debug|x86.ActiveCfg = Debug|Any CPU
		{F1CFCF29-FEB1-4FD8-AE85-7C2BA7FBFBE3}.Debug|x86.Build.0 = Debug|Any CPU
		{F1CFCF29-FEB1-4FD8-AE85-7C2BA7FBFBE3}.Release|Any CPU.ActiveCfg = Release|Any CPU
		{F1CFCF29-FEB1-4FD8-AE85-7C2BA7FBFBE3}.Release|Any CPU.Build.0 = Release|Any CPU
		{F1CFCF29-FEB1-4FD8-AE85-7C2BA7FBFBE3}.Release|x64.ActiveCfg = Release|Any CPU
		{F1CFCF29-FEB1-4FD8-AE85-7C2BA7FBFBE3}.Release|x64.Build.0 = Release|Any CPU
		{F1CFCF29-FEB1-4FD8-AE85-7C2BA7FBFBE3}.Release|x86.ActiveCfg = Release|Any CPU
		{F1CFCF29-FEB1-4FD8-AE85-7C2BA7FBFBE3}.Release|x86.Build.0 = Release|Any CPU
		{A4510513-61FF-4FD8-A606-7A93A73EC031}.Debug|Any CPU.ActiveCfg = Debug|Any CPU
		{A4510513-61FF-4FD8-A606-7A93A73EC031}.Debug|Any CPU.Build.0 = Debug|Any CPU
		{A4510513-61FF-4FD8-A606-7A93A73EC031}.Debug|x64.ActiveCfg = Debug|Any CPU
		{A4510513-61FF-4FD8-A606-7A93A73EC031}.Debug|x64.Build.0 = Debug|Any CPU
		{A4510513-61FF-4FD8-A606-7A93A73EC031}.Debug|x86.ActiveCfg = Debug|Any CPU
		{A4510513-61FF-4FD8-A606-7A93A73EC031}.Debug|x86.Build.0 = Debug|Any CPU
		{A4510513-61FF-4FD8-A606-7A93A73EC031}.Release|Any CPU.ActiveCfg = Release|Any CPU
		{A4510513-61FF-4FD8-A606-7A93A73EC031}.Release|Any CPU.Build.0 = Release|Any CPU
		{A4510513-61FF-4FD8-A606-7A93A73EC031}.Release|x64.ActiveCfg = Release|Any CPU
		{A4510513-61FF-4FD8-A606-7A93A73EC031}.Release|x64.Build.0 = Release|Any CPU
		{A4510513-61FF-4FD8-A606-7A93A73EC031}.Release|x86.ActiveCfg = Release|Any CPU
		{A4510513-61FF-4FD8-A606-7A93A73EC031}.Release|x86.Build.0 = Release|Any CPU
		{B495A6E6-A10A-421E-8EE0-54AB04A1E0C6}.Debug|Any CPU.ActiveCfg = Debug|Any CPU
		{B495A6E6-A10A-421E-8EE0-54AB04A1E0C6}.Debug|Any CPU.Build.0 = Debug|Any CPU
		{B495A6E6-A10A-421E-8EE0-54AB04A1E0C6}.Debug|x64.ActiveCfg = Debug|Any CPU
		{B495A6E6-A10A-421E-8EE0-54AB04A1E0C6}.Debug|x64.Build.0 = Debug|Any CPU
		{B495A6E6-A10A-421E-8EE0-54AB04A1E0C6}.Debug|x86.ActiveCfg = Debug|Any CPU
		{B495A6E6-A10A-421E-8EE0-54AB04A1E0C6}.Debug|x86.Build.0 = Debug|Any CPU
		{B495A6E6-A10A-421E-8EE0-54AB04A1E0C6}.Release|Any CPU.ActiveCfg = Release|Any CPU
		{B495A6E6-A10A-421E-8EE0-54AB04A1E0C6}.Release|Any CPU.Build.0 = Release|Any CPU
		{B495A6E6-A10A-421E-8EE0-54AB04A1E0C6}.Release|x64.ActiveCfg = Release|Any CPU
		{B495A6E6-A10A-421E-8EE0-54AB04A1E0C6}.Release|x64.Build.0 = Release|Any CPU
		{B495A6E6-A10A-421E-8EE0-54AB04A1E0C6}.Release|x86.ActiveCfg = Release|Any CPU
		{B495A6E6-A10A-421E-8EE0-54AB04A1E0C6}.Release|x86.Build.0 = Release|Any CPU
		{D51A1095-E5DB-4EBB-901B-45CEF9421F61}.Debug|Any CPU.ActiveCfg = Debug|Any CPU
		{D51A1095-E5DB-4EBB-901B-45CEF9421F61}.Debug|Any CPU.Build.0 = Debug|Any CPU
		{D51A1095-E5DB-4EBB-901B-45CEF9421F61}.Debug|x64.ActiveCfg = Debug|Any CPU
		{D51A1095-E5DB-4EBB-901B-45CEF9421F61}.Debug|x64.Build.0 = Debug|Any CPU
		{D51A1095-E5DB-4EBB-901B-45CEF9421F61}.Debug|x86.ActiveCfg = Debug|Any CPU
		{D51A1095-E5DB-4EBB-901B-45CEF9421F61}.Debug|x86.Build.0 = Debug|Any CPU
		{D51A1095-E5DB-4EBB-901B-45CEF9421F61}.Release|Any CPU.ActiveCfg = Release|Any CPU
		{D51A1095-E5DB-4EBB-901B-45CEF9421F61}.Release|Any CPU.Build.0 = Release|Any CPU
		{D51A1095-E5DB-4EBB-901B-45CEF9421F61}.Release|x64.ActiveCfg = Release|Any CPU
		{D51A1095-E5DB-4EBB-901B-45CEF9421F61}.Release|x64.Build.0 = Release|Any CPU
		{D51A1095-E5DB-4EBB-901B-45CEF9421F61}.Release|x86.ActiveCfg = Release|Any CPU
		{D51A1095-E5DB-4EBB-901B-45CEF9421F61}.Release|x86.Build.0 = Release|Any CPU
		{C622E9DC-85AD-47A3-9DC8-BEFD89314FD0}.Debug|Any CPU.ActiveCfg = Debug|Any CPU
		{C622E9DC-85AD-47A3-9DC8-BEFD89314FD0}.Debug|Any CPU.Build.0 = Debug|Any CPU
		{C622E9DC-85AD-47A3-9DC8-BEFD89314FD0}.Debug|x64.ActiveCfg = Debug|Any CPU
		{C622E9DC-85AD-47A3-9DC8-BEFD89314FD0}.Debug|x64.Build.0 = Debug|Any CPU
		{C622E9DC-85AD-47A3-9DC8-BEFD89314FD0}.Debug|x86.ActiveCfg = Debug|Any CPU
		{C622E9DC-85AD-47A3-9DC8-BEFD89314FD0}.Debug|x86.Build.0 = Debug|Any CPU
		{C622E9DC-85AD-47A3-9DC8-BEFD89314FD0}.Release|Any CPU.ActiveCfg = Release|Any CPU
		{C622E9DC-85AD-47A3-9DC8-BEFD89314FD0}.Release|Any CPU.Build.0 = Release|Any CPU
		{C622E9DC-85AD-47A3-9DC8-BEFD89314FD0}.Release|x64.ActiveCfg = Release|Any CPU
		{C622E9DC-85AD-47A3-9DC8-BEFD89314FD0}.Release|x64.Build.0 = Release|Any CPU
		{C622E9DC-85AD-47A3-9DC8-BEFD89314FD0}.Release|x86.ActiveCfg = Release|Any CPU
		{C622E9DC-85AD-47A3-9DC8-BEFD89314FD0}.Release|x86.Build.0 = Release|Any CPU
		{54D7DE4E-C657-41A9-AE57-E2AD1D08EE18}.Debug|Any CPU.ActiveCfg = Debug|Any CPU
		{54D7DE4E-C657-41A9-AE57-E2AD1D08EE18}.Debug|Any CPU.Build.0 = Debug|Any CPU
		{54D7DE4E-C657-41A9-AE57-E2AD1D08EE18}.Debug|x64.ActiveCfg = Debug|Any CPU
		{54D7DE4E-C657-41A9-AE57-E2AD1D08EE18}.Debug|x64.Build.0 = Debug|Any CPU
		{54D7DE4E-C657-41A9-AE57-E2AD1D08EE18}.Debug|x86.ActiveCfg = Debug|Any CPU
		{54D7DE4E-C657-41A9-AE57-E2AD1D08EE18}.Debug|x86.Build.0 = Debug|Any CPU
		{54D7DE4E-C657-41A9-AE57-E2AD1D08EE18}.Release|Any CPU.ActiveCfg = Release|Any CPU
		{54D7DE4E-C657-41A9-AE57-E2AD1D08EE18}.Release|Any CPU.Build.0 = Release|Any CPU
		{54D7DE4E-C657-41A9-AE57-E2AD1D08EE18}.Release|x64.ActiveCfg = Release|Any CPU
		{54D7DE4E-C657-41A9-AE57-E2AD1D08EE18}.Release|x64.Build.0 = Release|Any CPU
		{54D7DE4E-C657-41A9-AE57-E2AD1D08EE18}.Release|x86.ActiveCfg = Release|Any CPU
		{54D7DE4E-C657-41A9-AE57-E2AD1D08EE18}.Release|x86.Build.0 = Release|Any CPU
		{4D41C363-7DFE-4503-AC6F-F99F2725584F}.Debug|Any CPU.ActiveCfg = Debug|Any CPU
		{4D41C363-7DFE-4503-AC6F-F99F2725584F}.Debug|Any CPU.Build.0 = Debug|Any CPU
		{4D41C363-7DFE-4503-AC6F-F99F2725584F}.Debug|x64.ActiveCfg = Debug|Any CPU
		{4D41C363-7DFE-4503-AC6F-F99F2725584F}.Debug|x64.Build.0 = Debug|Any CPU
		{4D41C363-7DFE-4503-AC6F-F99F2725584F}.Debug|x86.ActiveCfg = Debug|Any CPU
		{4D41C363-7DFE-4503-AC6F-F99F2725584F}.Debug|x86.Build.0 = Debug|Any CPU
		{4D41C363-7DFE-4503-AC6F-F99F2725584F}.Release|Any CPU.ActiveCfg = Release|Any CPU
		{4D41C363-7DFE-4503-AC6F-F99F2725584F}.Release|Any CPU.Build.0 = Release|Any CPU
		{4D41C363-7DFE-4503-AC6F-F99F2725584F}.Release|x64.ActiveCfg = Release|Any CPU
		{4D41C363-7DFE-4503-AC6F-F99F2725584F}.Release|x64.Build.0 = Release|Any CPU
		{4D41C363-7DFE-4503-AC6F-F99F2725584F}.Release|x86.ActiveCfg = Release|Any CPU
		{4D41C363-7DFE-4503-AC6F-F99F2725584F}.Release|x86.Build.0 = Release|Any CPU
		{AB1053BA-48E0-40E3-AC0D-82A01EC260E7}.Debug|Any CPU.ActiveCfg = Debug|Any CPU
		{AB1053BA-48E0-40E3-AC0D-82A01EC260E7}.Debug|Any CPU.Build.0 = Debug|Any CPU
		{AB1053BA-48E0-40E3-AC0D-82A01EC260E7}.Debug|x64.ActiveCfg = Debug|Any CPU
		{AB1053BA-48E0-40E3-AC0D-82A01EC260E7}.Debug|x64.Build.0 = Debug|Any CPU
		{AB1053BA-48E0-40E3-AC0D-82A01EC260E7}.Debug|x86.ActiveCfg = Debug|Any CPU
		{AB1053BA-48E0-40E3-AC0D-82A01EC260E7}.Debug|x86.Build.0 = Debug|Any CPU
		{AB1053BA-48E0-40E3-AC0D-82A01EC260E7}.Release|Any CPU.ActiveCfg = Release|Any CPU
		{AB1053BA-48E0-40E3-AC0D-82A01EC260E7}.Release|Any CPU.Build.0 = Release|Any CPU
		{AB1053BA-48E0-40E3-AC0D-82A01EC260E7}.Release|x64.ActiveCfg = Release|Any CPU
		{AB1053BA-48E0-40E3-AC0D-82A01EC260E7}.Release|x64.Build.0 = Release|Any CPU
		{AB1053BA-48E0-40E3-AC0D-82A01EC260E7}.Release|x86.ActiveCfg = Release|Any CPU
		{AB1053BA-48E0-40E3-AC0D-82A01EC260E7}.Release|x86.Build.0 = Release|Any CPU
		{8F727271-724D-4190-B29D-11D7A64EF4C2}.Debug|Any CPU.ActiveCfg = Debug|Any CPU
		{8F727271-724D-4190-B29D-11D7A64EF4C2}.Debug|Any CPU.Build.0 = Debug|Any CPU
		{8F727271-724D-4190-B29D-11D7A64EF4C2}.Debug|x64.ActiveCfg = Debug|Any CPU
		{8F727271-724D-4190-B29D-11D7A64EF4C2}.Debug|x64.Build.0 = Debug|Any CPU
		{8F727271-724D-4190-B29D-11D7A64EF4C2}.Debug|x86.ActiveCfg = Debug|Any CPU
		{8F727271-724D-4190-B29D-11D7A64EF4C2}.Debug|x86.Build.0 = Debug|Any CPU
		{8F727271-724D-4190-B29D-11D7A64EF4C2}.Release|Any CPU.ActiveCfg = Release|Any CPU
		{8F727271-724D-4190-B29D-11D7A64EF4C2}.Release|Any CPU.Build.0 = Release|Any CPU
		{8F727271-724D-4190-B29D-11D7A64EF4C2}.Release|x64.ActiveCfg = Release|Any CPU
		{8F727271-724D-4190-B29D-11D7A64EF4C2}.Release|x64.Build.0 = Release|Any CPU
		{8F727271-724D-4190-B29D-11D7A64EF4C2}.Release|x86.ActiveCfg = Release|Any CPU
		{8F727271-724D-4190-B29D-11D7A64EF4C2}.Release|x86.Build.0 = Release|Any CPU
		{47C83270-6FDC-4D07-A72D-FAF5EE59AD91}.Debug|Any CPU.ActiveCfg = Debug|Any CPU
		{47C83270-6FDC-4D07-A72D-FAF5EE59AD91}.Debug|Any CPU.Build.0 = Debug|Any CPU
		{47C83270-6FDC-4D07-A72D-FAF5EE59AD91}.Debug|x64.ActiveCfg = Debug|Any CPU
		{47C83270-6FDC-4D07-A72D-FAF5EE59AD91}.Debug|x64.Build.0 = Debug|Any CPU
		{47C83270-6FDC-4D07-A72D-FAF5EE59AD91}.Debug|x86.ActiveCfg = Debug|Any CPU
		{47C83270-6FDC-4D07-A72D-FAF5EE59AD91}.Debug|x86.Build.0 = Debug|Any CPU
		{47C83270-6FDC-4D07-A72D-FAF5EE59AD91}.Release|Any CPU.ActiveCfg = Release|Any CPU
		{47C83270-6FDC-4D07-A72D-FAF5EE59AD91}.Release|Any CPU.Build.0 = Release|Any CPU
		{47C83270-6FDC-4D07-A72D-FAF5EE59AD91}.Release|x64.ActiveCfg = Release|Any CPU
		{47C83270-6FDC-4D07-A72D-FAF5EE59AD91}.Release|x64.Build.0 = Release|Any CPU
		{47C83270-6FDC-4D07-A72D-FAF5EE59AD91}.Release|x86.ActiveCfg = Release|Any CPU
		{47C83270-6FDC-4D07-A72D-FAF5EE59AD91}.Release|x86.Build.0 = Release|Any CPU
		{DBF4D741-1A85-4DF6-9323-DC7BF7F4C6EE}.Debug|Any CPU.ActiveCfg = Debug|Any CPU
		{DBF4D741-1A85-4DF6-9323-DC7BF7F4C6EE}.Debug|Any CPU.Build.0 = Debug|Any CPU
		{DBF4D741-1A85-4DF6-9323-DC7BF7F4C6EE}.Debug|x64.ActiveCfg = Debug|Any CPU
		{DBF4D741-1A85-4DF6-9323-DC7BF7F4C6EE}.Debug|x64.Build.0 = Debug|Any CPU
		{DBF4D741-1A85-4DF6-9323-DC7BF7F4C6EE}.Debug|x86.ActiveCfg = Debug|Any CPU
		{DBF4D741-1A85-4DF6-9323-DC7BF7F4C6EE}.Debug|x86.Build.0 = Debug|Any CPU
		{DBF4D741-1A85-4DF6-9323-DC7BF7F4C6EE}.Release|Any CPU.ActiveCfg = Release|Any CPU
		{DBF4D741-1A85-4DF6-9323-DC7BF7F4C6EE}.Release|Any CPU.Build.0 = Release|Any CPU
		{DBF4D741-1A85-4DF6-9323-DC7BF7F4C6EE}.Release|x64.ActiveCfg = Release|Any CPU
		{DBF4D741-1A85-4DF6-9323-DC7BF7F4C6EE}.Release|x64.Build.0 = Release|Any CPU
		{DBF4D741-1A85-4DF6-9323-DC7BF7F4C6EE}.Release|x86.ActiveCfg = Release|Any CPU
		{DBF4D741-1A85-4DF6-9323-DC7BF7F4C6EE}.Release|x86.Build.0 = Release|Any CPU
	EndGlobalSection
	GlobalSection(SolutionProperties) = preSolution
		HideSolutionNode = FALSE
	EndGlobalSection
	GlobalSection(NestedProjects) = preSolution
		{F1CFCF29-FEB1-4FD8-AE85-7C2BA7FBFBE3} = {827E0CD3-B72D-47B6-A68D-7590B98EB39B}
		{A4510513-61FF-4FD8-A606-7A93A73EC031} = {827E0CD3-B72D-47B6-A68D-7590B98EB39B}
		{B495A6E6-A10A-421E-8EE0-54AB04A1E0C6} = {0AB3BF05-4346-4AA6-1389-037BE0695223}
		{D51A1095-E5DB-4EBB-901B-45CEF9421F61} = {0AB3BF05-4346-4AA6-1389-037BE0695223}
		{C622E9DC-85AD-47A3-9DC8-BEFD89314FD0} = {827E0CD3-B72D-47B6-A68D-7590B98EB39B}
		{54D7DE4E-C657-41A9-AE57-E2AD1D08EE18} = {0AB3BF05-4346-4AA6-1389-037BE0695223}
		{4D41C363-7DFE-4503-AC6F-F99F2725584F} = {827E0CD3-B72D-47B6-A68D-7590B98EB39B}
		{AB1053BA-48E0-40E3-AC0D-82A01EC260E7} = {827E0CD3-B72D-47B6-A68D-7590B98EB39B}
		{8F727271-724D-4190-B29D-11D7A64EF4C2} = {0AB3BF05-4346-4AA6-1389-037BE0695223}
		{47C83270-6FDC-4D07-A72D-FAF5EE59AD91} = {827E0CD3-B72D-47B6-A68D-7590B98EB39B}
		{DBF4D741-1A85-4DF6-9323-DC7BF7F4C6EE} = {0AB3BF05-4346-4AA6-1389-037BE0695223}
	EndGlobalSection
EndGlobal
